
Microsoft Visual Studio Solution File, Format Version 12.00
# Visual Studio Version 17
VisualStudioVersion = 17.9.34728.123
MinimumVisualStudioVersion = 10.0.40219.1
Project("{FAE04EC0-301F-11D3-BF4B-00C04F79EFBC}") = "leinda_said_sun_wed_5pm_C#_06", "leinda_said_sun_wed_5pm_C#_06\leinda_said_sun_wed_5pm_C#_06.csproj", "{F1666BAE-3D77-44A9-8B71-4740D7B5CDE8}"
EndProject
Global
	GlobalSection(SolutionConfigurationPlatforms) = preSolution
		Debug|Any CPU = Debug|Any CPU
		Release|Any CPU = Release|Any CPU
	EndGlobalSection
	GlobalSection(ProjectConfigurationPlatforms) = postSolution
		{F1666BAE-3D77-44A9-8B71-4740D7B5CDE8}.Debug|Any CPU.ActiveCfg = Debug|Any CPU
		{F1666BAE-3D77-44A9-8B71-4740D7B5CDE8}.Debug|Any CPU.Build.0 = Debug|Any CPU
		{F1666BAE-3D77-44A9-8B71-4740D7B5CDE8}.Release|Any CPU.ActiveCfg = Release|Any CPU
		{F1666BAE-3D77-44A9-8B71-4740D7B5CDE8}.Release|Any CPU.Build.0 = Release|Any CPU
	EndGlobalSection
	GlobalSection(SolutionProperties) = preSolution
		HideSolutionNode = FALSE
	EndGlobalSection
	GlobalSection(ExtensibilityGlobals) = postSolution
		SolutionGuid = {14B9E7DF-F922-4A11-AC41-504AB5516AD3}
	EndGlobalSection
EndGlobal
